
Microsoft Visual Studio Solution File, Format Version 12.00
# Visual Studio Version 17
VisualStudioVersion = 17.0.32126.317
MinimumVisualStudioVersion = 10.0.40219.1
Project("{FAE04EC0-301F-11D3-BF4B-00C04F79EFBC}") = "SignalRChat", "SignalRChat.csproj", "{8D84E319-4F58-4524-AEF6-02EA81F7A46D}"
EndProject
Global
	GlobalSection(SolutionConfigurationPlatforms) = preSolution
		Debug|Any CPU = Debug|Any CPU
		Release|Any CPU = Release|Any CPU
	EndGlobalSection
	GlobalSection(ProjectConfigurationPlatforms) = postSolution
		{8D84E319-4F58-4524-AEF6-02EA81F7A46D}.Debug|Any CPU.ActiveCfg = Debug|Any CPU
		{8D84E319-4F58-4524-AEF6-02EA81F7A46D}.Debug|Any CPU.Build.0 = Debug|Any CPU
		{8D84E319-4F58-4524-AEF6-02EA81F7A46D}.Release|Any CPU.ActiveCfg = Release|Any CPU
		{8D84E319-4F58-4524-AEF6-02EA81F7A46D}.Release|Any CPU.Build.0 = Release|Any CPU
	EndGlobalSection
	GlobalSection(SolutionProperties) = preSolution
		HideSolutionNode = FALSE
	EndGlobalSection
	GlobalSection(ExtensibilityGlobals) = postSolution
		SolutionGuid = {6409AD00-2950-48D6-9205-00ECBFDC5FB2}
	EndGlobalSection
EndGlobal
